
Microsoft Visual Studio Solution File, Format Version 12.00
# Visual Studio Version 16
VisualStudioVersion = 16.0.32413.511
MinimumVisualStudioVersion = 10.0.40219.1
Project("{FAE04EC0-301F-11D3-BF4B-00C04F79EFBC}") = "Console1", "Console1\Console1.csproj", "{A34CE5FA-98D2-4C01-9749-2E38710318F3}"
EndProject
Global
	GlobalSection(SolutionConfigurationPlatforms) = preSolution
		Debug|Any CPU = Debug|Any CPU
		Release|Any CPU = Release|Any CPU
	EndGlobalSection
	GlobalSection(ProjectConfigurationPlatforms) = postSolution
		{A34CE5FA-98D2-4C01-9749-2E38710318F3}.Debug|Any CPU.ActiveCfg = Debug|Any CPU
		{A34CE5FA-98D2-4C01-9749-2E38710318F3}.Debug|Any CPU.Build.0 = Debug|Any CPU
		{A34CE5FA-98D2-4C01-9749-2E38710318F3}.Release|Any CPU.ActiveCfg = Release|Any CPU
		{A34CE5FA-98D2-4C01-9749-2E38710318F3}.Release|Any CPU.Build.0 = Release|Any CPU
	EndGlobalSection
	GlobalSection(SolutionProperties) = preSolution
		HideSolutionNode = FALSE
	EndGlobalSection
	GlobalSection(ExtensibilityGlobals) = postSolution
		SolutionGuid = {EC9BF0F1-432C-492A-AC59-F0892BF7FCE2}
	EndGlobalSection
EndGlobal
