
Microsoft Visual Studio Solution File, Format Version 12.00
# Visual Studio Version 16
VisualStudioVersion = 16.0.32413.511
MinimumVisualStudioVersion = 10.0.40219.1
Project("{FAE04EC0-301F-11D3-BF4B-00C04F79EFBC}") = "Knuth-Morris-Pratt", "Knuth-Morris-Pratt\Knuth-Morris-Pratt.csproj", "{010C0EB7-BA65-4615-AE14-F33DE1D70529}"
EndProject
Global
	GlobalSection(SolutionConfigurationPlatforms) = preSolution
		Debug|Any CPU = Debug|Any CPU
		Release|Any CPU = Release|Any CPU
	EndGlobalSection
	GlobalSection(ProjectConfigurationPlatforms) = postSolution
		{010C0EB7-BA65-4615-AE14-F33DE1D70529}.Debug|Any CPU.ActiveCfg = Debug|Any CPU
		{010C0EB7-BA65-4615-AE14-F33DE1D70529}.Debug|Any CPU.Build.0 = Debug|Any CPU
		{010C0EB7-BA65-4615-AE14-F33DE1D70529}.Release|Any CPU.ActiveCfg = Release|Any CPU
		{010C0EB7-BA65-4615-AE14-F33DE1D70529}.Release|Any CPU.Build.0 = Release|Any CPU
	EndGlobalSection
	GlobalSection(SolutionProperties) = preSolution
		HideSolutionNode = FALSE
	EndGlobalSection
	GlobalSection(ExtensibilityGlobals) = postSolution
		SolutionGuid = {343B1AF7-3C96-493F-A97C-B17BB5CD0781}
	EndGlobalSection
EndGlobal
